
Microsoft Visual Studio Solution File, Format Version 12.00
# Visual Studio Version 16
VisualStudioVersion = 16.0.29020.237
MinimumVisualStudioVersion = 10.0.40219.1
Project("{9A19103F-16F7-4668-BE54-9A1E7A4F7556}") = "Hightower.HelloWorld.Console", "Hightower.HelloWorld.Console\Hightower.HelloWorld.Console.csproj", "{27F146E1-BB97-4F13-8608-3CF0B8FCC2FE}"
EndProject
Project("{9A19103F-16F7-4668-BE54-9A1E7A4F7556}") = "Hightower.HelloWorld.Core", "Hightower.HelloWorld.Core\Hightower.HelloWorld.Core.csproj", "{948B9C7B-8466-4AC2-B49F-3CCC21DC7B0F}"
EndProject
Project("{FAE04EC0-301F-11D3-BF4B-00C04F79EFBC}") = "Hightower.HelloWorld.Services.Interfaces", "Hightower.HelloWorld.Services.Interfaces\Hightower.HelloWorld.Services.Interfaces.csproj", "{727A509E-324A-4DFE-B21F-FCC644035624}"
EndProject
Global
	GlobalSection(SolutionConfigurationPlatforms) = preSolution
		Debug|Any CPU = Debug|Any CPU
		Release|Any CPU = Release|Any CPU
	EndGlobalSection
	GlobalSection(ProjectConfigurationPlatforms) = postSolution
		{27F146E1-BB97-4F13-8608-3CF0B8FCC2FE}.Debug|Any CPU.ActiveCfg = Debug|Any CPU
		{27F146E1-BB97-4F13-8608-3CF0B8FCC2FE}.Debug|Any CPU.Build.0 = Debug|Any CPU
		{27F146E1-BB97-4F13-8608-3CF0B8FCC2FE}.Release|Any CPU.ActiveCfg = Release|Any CPU
		{27F146E1-BB97-4F13-8608-3CF0B8FCC2FE}.Release|Any CPU.Build.0 = Release|Any CPU
		{948B9C7B-8466-4AC2-B49F-3CCC21DC7B0F}.Debug|Any CPU.ActiveCfg = Debug|Any CPU
		{948B9C7B-8466-4AC2-B49F-3CCC21DC7B0F}.Debug|Any CPU.Build.0 = Debug|Any CPU
		{948B9C7B-8466-4AC2-B49F-3CCC21DC7B0F}.Release|Any CPU.ActiveCfg = Release|Any CPU
		{948B9C7B-8466-4AC2-B49F-3CCC21DC7B0F}.Release|Any CPU.Build.0 = Release|Any CPU
		{727A509E-324A-4DFE-B21F-FCC644035624}.Debug|Any CPU.ActiveCfg = Debug|Any CPU
		{727A509E-324A-4DFE-B21F-FCC644035624}.Debug|Any CPU.Build.0 = Debug|Any CPU
		{727A509E-324A-4DFE-B21F-FCC644035624}.Release|Any CPU.ActiveCfg = Release|Any CPU
		{727A509E-324A-4DFE-B21F-FCC644035624}.Release|Any CPU.Build.0 = Release|Any CPU
	EndGlobalSection
	GlobalSection(SolutionProperties) = preSolution
		HideSolutionNode = FALSE
	EndGlobalSection
	GlobalSection(ExtensibilityGlobals) = postSolution
		SolutionGuid = {2F95C6D7-34E1-46CF-8346-57E24A8EA9DD}
	EndGlobalSection
EndGlobal
